// !$*UTF8*$!
{
	archiveVersion = 1;
	classes = {
	};
	objectVersion = 56;
	objects = {

/* Begin PBXBuildFile section */
		3BFBA50529BA4265006CD746 /* AppDelegate.swift in Sources */ = {isa = PBXBuildFile; fileRef = 3BFBA50429BA4265006CD746 /* AppDelegate.swift */; };
		3BFBA50729BA4265006CD746 /* SceneDelegate.swift in Sources */ = {isa = PBXBuildFile; fileRef = 3BFBA50629BA4265006CD746 /* SceneDelegate.swift */; };
		3BFBA50E29BA4265006CD746 /* Assets.xcassets in Resources */ = {isa = PBXBuildFile; fileRef = 3BFBA50D29BA4265006CD746 /* Assets.xcassets */; };
		3BFBA51129BA4265006CD746 /* LaunchScreen.storyboard in Resources */ = {isa = PBXBuildFile; fileRef = 3BFBA50F29BA4265006CD746 /* LaunchScreen.storyboard */; };
		3BFBA51929BA4470006CD746 /* CardSelectionVC.swift in Sources */ = {isa = PBXBuildFile; fileRef = 3BFBA51829BA4470006CD746 /* CardSelectionVC.swift */; };
		3BFBA51B29BA47F8006CD746 /* CWButton.swift in Sources */ = {isa = PBXBuildFile; fileRef = 3BFBA51A29BA47F8006CD746 /* CWButton.swift */; };
		3BFBA51D29BA53A6006CD746 /* RulesVC.swift in Sources */ = {isa = PBXBuildFile; fileRef = 3BFBA51C29BA53A6006CD746 /* RulesVC.swift */; };
		3BFBA52229BA5C27006CD746 /* CardDeck.swift in Sources */ = {isa = PBXBuildFile; fileRef = 3BFBA52129BA5C27006CD746 /* CardDeck.swift */; };
/* End PBXBuildFile section */

/* Begin PBXFileReference section */
		3BFBA50129BA4265006CD746 /* CardWorkoutGame.app */ = {isa = PBXFileReference; explicitFileType = wrapper.application; includeInIndex = 0; path = CardWorkoutGame.app; sourceTree = BUILT_PRODUCTS_DIR; };
		3BFBA50429BA4265006CD746 /* AppDelegate.swift */ = {isa = PBXFileReference; lastKnownFileType = sourcecode.swift; path = AppDelegate.swift; sourceTree = "<group>"; };
		3BFBA50629BA4265006CD746 /* SceneDelegate.swift */ = {isa = PBXFileReference; lastKnownFileType = sourcecode.swift; path = SceneDelegate.swift; sourceTree = "<group>"; };
		3BFBA50D29BA4265006CD746 /* Assets.xcassets */ = {isa = PBXFileReference; lastKnownFileType = folder.assetcatalog; path = Assets.xcassets; sourceTree = "<group>"; };
		3BFBA51029BA4265006CD746 /* Base */ = {isa = PBXFileReference; lastKnownFileType = file.storyboard; name = Base; path = Base.lproj/LaunchScreen.storyboard; sourceTree = "<group>"; };
		3BFBA51229BA4265006CD746 /* Info.plist */ = {isa = PBXFileReference; lastKnownFileType = text.plist.xml; path = Info.plist; sourceTree = "<group>"; };
		3BFBA51829BA4470006CD746 /* CardSelectionVC.swift */ = {isa = PBXFileReference; lastKnownFileType = sourcecode.swift; path = CardSelectionVC.swift; sourceTree = "<group>"; };
		3BFBA51A29BA47F8006CD746 /* CWButton.swift */ = {isa = PBXFileReference; lastKnownFileType = sourcecode.swift; path = CWButton.swift; sourceTree = "<group>"; };
		3BFBA51C29BA53A6006CD746 /* RulesVC.swift */ = {isa = PBXFileReference; lastKnownFileType = sourcecode.swift; path = RulesVC.swift; sourceTree = "<group>"; };
		3BFBA52129BA5C27006CD746 /* CardDeck.swift */ = {isa = PBXFileReference; lastKnownFileType = sourcecode.swift; path = CardDeck.swift; sourceTree = "<group>"; };
/* End PBXFileReference section */

/* Begin PBXFrameworksBuildPhase section */
		3BFBA4FE29BA4265006CD746 /* Frameworks */ = {
			isa = PBXFrameworksBuildPhase;
			buildActionMask = 2147483647;
			files = (
			);
			runOnlyForDeploymentPostprocessing = 0;
		};
/* End PBXFrameworksBuildPhase section */

/* Begin PBXGroup section */
		3BFBA4F829BA4264006CD746 = {
			isa = PBXGroup;
			children = (
				3BFBA50329BA4265006CD746 /* CardWorkoutGame */,
				3BFBA50229BA4265006CD746 /* Products */,
			);
			sourceTree = "<group>";
		};
		3BFBA50229BA4265006CD746 /* Products */ = {
			isa = PBXGroup;
			children = (
				3BFBA50129BA4265006CD746 /* CardWorkoutGame.app */,
			);
			name = Products;
			sourceTree = "<group>";
		};
		3BFBA50329BA4265006CD746 /* CardWorkoutGame */ = {
			isa = PBXGroup;
			children = (
				3BFBA52029BA5C15006CD746 /* Services */,
				3BFBA51F29BA5B9A006CD746 /* Views */,
				3BFBA51E29BA5B84006CD746 /* VCs */,
				3BFBA50429BA4265006CD746 /* AppDelegate.swift */,
				3BFBA50629BA4265006CD746 /* SceneDelegate.swift */,
				3BFBA50D29BA4265006CD746 /* Assets.xcassets */,
				3BFBA50F29BA4265006CD746 /* LaunchScreen.storyboard */,
				3BFBA51229BA4265006CD746 /* Info.plist */,
			);
			path = CardWorkoutGame;
			sourceTree = "<group>";
		};
		3BFBA51E29BA5B84006CD746 /* VCs */ = {
			isa = PBXGroup;
			children = (
				3BFBA51829BA4470006CD746 /* CardSelectionVC.swift */,
				3BFBA51C29BA53A6006CD746 /* RulesVC.swift */,
			);
			path = VCs;
			sourceTree = "<group>";
		};
		3BFBA51F29BA5B9A006CD746 /* Views */ = {
			isa = PBXGroup;
			children = (
				3BFBA51A29BA47F8006CD746 /* CWButton.swift */,
			);
			path = Views;
			sourceTree = "<group>";
		};
		3BFBA52029BA5C15006CD746 /* Services */ = {
			isa = PBXGroup;
			children = (
				3BFBA52129BA5C27006CD746 /* CardDeck.swift */,
			);
			path = Services;
			sourceTree = "<group>";
		};
/* End PBXGroup section */

/* Begin PBXNativeTarget section */
		3BFBA50029BA4265006CD746 /* CardWorkoutGame */ = {
			isa = PBXNativeTarget;
			buildConfigurationList = 3BFBA51529BA4265006CD746 /* Build configuration list for PBXNativeTarget "CardWorkoutGame" */;
			buildPhases = (
				3BFBA4FD29BA4265006CD746 /* Sources */,
				3BFBA4FE29BA4265006CD746 /* Frameworks */,
				3BFBA4FF29BA4265006CD746 /* Resources */,
			);
			buildRules = (
			);
			dependencies = (
			);
			name = CardWorkoutGame;
			productName = CardWorkoutGame;
			productReference = 3BFBA50129BA4265006CD746 /* CardWorkoutGame.app */;
			productType = "com.apple.product-type.application";
		};
/* End PBXNativeTarget section */

/* Begin PBXProject section */
		3BFBA4F929BA4264006CD746 /* Project object */ = {
			isa = PBXProject;
			attributes = {
				BuildIndependentTargetsInParallel = 1;
				LastSwiftUpdateCheck = 1420;
				LastUpgradeCheck = 1420;
				TargetAttributes = {
					3BFBA50029BA4265006CD746 = {
						CreatedOnToolsVersion = 14.2;
					};
				};
			};
			buildConfigurationList = 3BFBA4FC29BA4264006CD746 /* Build configuration list for PBXProject "CardWorkoutGame" */;
			compatibilityVersion = "Xcode 14.0";
			developmentRegion = en;
			hasScannedForEncodings = 0;
			knownRegions = (
				en,
				Base,
			);
			mainGroup = 3BFBA4F829BA4264006CD746;
			productRefGroup = 3BFBA50229BA4265006CD746 /* Products */;
			projectDirPath = "";
			projectRoot = "";
			targets = (
				3BFBA50029BA4265006CD746 /* CardWorkoutGame */,
			);
		};
/* End PBXProject section */

/* Begin PBXResourcesBuildPhase section */
		3BFBA4FF29BA4265006CD746 /* Resources */ = {
			isa = PBXResourcesBuildPhase;
			buildActionMask = 2147483647;
			files = (
				3BFBA51129BA4265006CD746 /* LaunchScreen.storyboard in Resources */,
				3BFBA50E29BA4265006CD746 /* Assets.xcassets in Resources */,
			);
			runOnlyForDeploymentPostprocessing = 0;
		};
/* End PBXResourcesBuildPhase section */

/* Begin PBXSourcesBuildPhase section */
		3BFBA4FD29BA4265006CD746 /* Sources */ = {
			isa = PBXSourcesBuildPhase;
			buildActionMask = 2147483647;
			files = (
				3BFBA50529BA4265006CD746 /* AppDelegate.swift in Sources */,
				3BFBA51D29BA53A6006CD746 /* RulesVC.swift in Sources */,
				3BFBA50729BA4265006CD746 /* SceneDelegate.swift in Sources */,
				3BFBA52229BA5C27006CD746 /* CardDeck.swift in Sources */,
				3BFBA51929BA4470006CD746 /* CardSelectionVC.swift in Sources */,
				3BFBA51B29BA47F8006CD746 /* CWButton.swift in Sources */,
			);
			runOnlyForDeploymentPostprocessing = 0;
		};
/* End PBXSourcesBuildPhase section */

/* Begin PBXVariantGroup section */
		3BFBA50F29BA4265006CD746 /* LaunchScreen.storyboard */ = {
			isa = PBXVariantGroup;
			children = (
				3BFBA51029BA4265006CD746 /* Base */,
			);
			name = LaunchScreen.storyboard;
			sourceTree = "<group>";
		};
/* End PBXVariantGroup section */

/* Begin XCBuildConfiguration section */
		3BFBA51329BA4265006CD746 /* Debug */ = {
			isa = XCBuildConfiguration;
			buildSettings = {
				ALWAYS_SEARCH_USER_PATHS = NO;
				CLANG_ANALYZER_NONNULL = YES;
				CLANG_ANALYZER_NUMBER_OBJECT_CONVERSION = YES_AGGRESSIVE;
				CLANG_CXX_LANGUAGE_STANDARD = "gnu++20";
				CLANG_ENABLE_MODULES = YES;
				CLANG_ENABLE_OBJC_ARC = YES;
				CLANG_ENABLE_OBJC_WEAK = YES;
				CLANG_WARN_BLOCK_CAPTURE_AUTORELEASING = YES;
				CLANG_WARN_BOOL_CONVERSION = YES;
				CLANG_WARN_COMMA = YES;
				CLANG_WARN_CONSTANT_CONVERSION = YES;
				CLANG_WARN_DEPRECATED_OBJC_IMPLEMENTATIONS = YES;
				CLANG_WARN_DIRECT_OBJC_ISA_USAGE = YES_ERROR;
				CLANG_WARN_DOCUMENTATION_COMMENTS = YES;
				CLANG_WARN_EMPTY_BODY = YES;
				CLANG_WARN_ENUM_CONVERSION = YES;
				CLANG_WARN_INFINITE_RECURSION = YES;
				CLANG_WARN_INT_CONVERSION = YES;
				CLANG_WARN_NON_LITERAL_NULL_CONVERSION = YES;
				CLANG_WARN_OBJC_IMPLICIT_RETAIN_SELF = YES;
				CLANG_WARN_OBJC_LITERAL_CONVERSION = YES;
				CLANG_WARN_OBJC_ROOT_CLASS = YES_ERROR;
				CLANG_WARN_QUOTED_INCLUDE_IN_FRAMEWORK_HEADER = YES;
				CLANG_WARN_RANGE_LOOP_ANALYSIS = YES;
				CLANG_WARN_STRICT_PROTOTYPES = YES;
				CLANG_WARN_SUSPICIOUS_MOVE = YES;
				CLANG_WARN_UNGUARDED_AVAILABILITY = YES_AGGRESSIVE;
				CLANG_WARN_UNREACHABLE_CODE = YES;
				CLANG_WARN__DUPLICATE_METHOD_MATCH = YES;
				COPY_PHASE_STRIP = NO;
				DEBUG_INFORMATION_FORMAT = dwarf;
				ENABLE_STRICT_OBJC_MSGSEND = YES;
				ENABLE_TESTABILITY = YES;
				GCC_C_LANGUAGE_STANDARD = gnu11;
				GCC_DYNAMIC_NO_PIC = NO;
				GCC_NO_COMMON_BLOCKS = YES;
				GCC_OPTIMIZATION_LEVEL = 0;
				GCC_PREPROCESSOR_DEFINITIONS = (
					"DEBUG=1",
					"$(inherited)",
				);
				GCC_WARN_64_TO_32_BIT_CONVERSION = YES;
				GCC_WARN_ABOUT_RETURN_TYPE = YES_ERROR;
				GCC_WARN_UNDECLARED_SELECTOR = YES;
				GCC_WARN_UNINITIALIZED_AUTOS = YES_AGGRESSIVE;
				GCC_WARN_UNUSED_FUNCTION = YES;
				GCC_WARN_UNUSED_VARIABLE = YES;
				IPHONEOS_DEPLOYMENT_TARGET = 16.2;
				MTL_ENABLE_DEBUG_INFO = INCLUDE_SOURCE;
				MTL_FAST_MATH = YES;
				ONLY_ACTIVE_ARCH = YES;
				SDKROOT = iphoneos;
				SWIFT_ACTIVE_COMPILATION_CONDITIONS = DEBUG;
				SWIFT_OPTIMIZATION_LEVEL = "-Onone";
			};
			name = Debug;
		};
		3BFBA51429BA4265006CD746 /* Release */ = {
			isa = XCBuildConfiguration;
			buildSettings = {
				ALWAYS_SEARCH_USER_PATHS = NO;
				CLANG_ANALYZER_NONNULL = YES;
				CLANG_ANALYZER_NUMBER_OBJECT_CONVERSION = YES_AGGRESSIVE;
				CLANG_CXX_LANGUAGE_STANDARD = "gnu++20";
				CLANG_ENABLE_MODULES = YES;
				CLANG_ENABLE_OBJC_ARC = YES;
				CLANG_ENABLE_OBJC_WEAK = YES;
				CLANG_WARN_BLOCK_CAPTURE_AUTORELEASING = YES;
				CLANG_WARN_BOOL_CONVERSION = YES;
				CLANG_WARN_COMMA = YES;
				CLANG_WARN_CONSTANT_CONVERSION = YES;
				CLANG_WARN_DEPRECATED_OBJC_IMPLEMENTATIONS = YES;
				CLANG_WARN_DIRECT_OBJC_ISA_USAGE = YES_ERROR;
				CLANG_WARN_DOCUMENTATION_COMMENTS = YES;
				CLANG_WARN_EMPTY_BODY = YES;
				CLANG_WARN_ENUM_CONVERSION = YES;
				CLANG_WARN_INFINITE_RECURSION = YES;
				CLANG_WARN_INT_CONVERSION = YES;
				CLANG_WARN_NON_LITERAL_NULL_CONVERSION = YES;
				CLANG_WARN_OBJC_IMPLICIT_RETAIN_SELF = YES;
				CLANG_WARN_OBJC_LITERAL_CONVERSION = YES;
				CLANG_WARN_OBJC_ROOT_CLASS = YES_ERROR;
				CLANG_WARN_QUOTED_INCLUDE_IN_FRAMEWORK_HEADER = YES;
				CLANG_WARN_RANGE_LOOP_ANALYSIS = YES;
				CLANG_WARN_STRICT_PROTOTYPES = YES;
				CLANG_WARN_SUSPICIOUS_MOVE = YES;
				CLANG_WARN_UNGUARDED_AVAILABILITY = YES_AGGRESSIVE;
				CLANG_WARN_UNREACHABLE_CODE = YES;
				CLANG_WARN__DUPLICATE_METHOD_MATCH = YES;
				COPY_PHASE_STRIP = NO;
				DEBUG_INFORMATION_FORMAT = "dwarf-with-dsym";
				ENABLE_NS_ASSERTIONS = NO;
				ENABLE_STRICT_OBJC_MSGSEND = YES;
				GCC_C_LANGUAGE_STANDARD = gnu11;
				GCC_NO_COMMON_BLOCKS = YES;
				GCC_WARN_64_TO_32_BIT_CONVERSION = YES;
				GCC_WARN_ABOUT_RETURN_TYPE = YES_ERROR;
				GCC_WARN_UNDECLARED_SELECTOR = YES;
				GCC_WARN_UNINITIALIZED_AUTOS = YES_AGGRESSIVE;
				GCC_WARN_UNUSED_FUNCTION = YES;
				GCC_WARN_UNUSED_VARIABLE = YES;
				IPHONEOS_DEPLOYMENT_TARGET = 16.2;
				MTL_ENABLE_DEBUG_INFO = NO;
				MTL_FAST_MATH = YES;
				SDKROOT = iphoneos;
				SWIFT_COMPILATION_MODE = wholemodule;
				SWIFT_OPTIMIZATION_LEVEL = "-O";
				VALIDATE_PRODUCT = YES;
			};
			name = Release;
		};
		3BFBA51629BA4265006CD746 /* Debug */ = {
			isa = XCBuildConfiguration;
			buildSettings = {
				ASSETCATALOG_COMPILER_APPICON_NAME = AppIcon;
				ASSETCATALOG_COMPILER_GLOBAL_ACCENT_COLOR_NAME = AccentColor;
				CODE_SIGN_STYLE = Automatic;
				CURRENT_PROJECT_VERSION = 1;
				GENERATE_INFOPLIST_FILE = YES;
				INFOPLIST_FILE = CardWorkoutGame/Info.plist;
				INFOPLIST_KEY_UIApplicationSupportsIndirectInputEvents = YES;
				INFOPLIST_KEY_UILaunchStoryboardName = LaunchScreen;
				INFOPLIST_KEY_UISupportedInterfaceOrientations = "UIInterfaceOrientationLandscapeLeft UIInterfaceOrientationLandscapeRight UIInterfaceOrientationPortrait";
				INFOPLIST_KEY_UISupportedInterfaceOrientations_iPad = "UIInterfaceOrientationLandscapeLeft UIInterfaceOrientationLandscapeRight UIInterfaceOrientationPortrait UIInterfaceOrientationPortraitUpsideDown";
				LD_RUNPATH_SEARCH_PATHS = (
					"$(inherited)",
					"@executable_path/Frameworks",
				);
				MARKETING_VERSION = 1.0;
				PRODUCT_BUNDLE_IDENTIFIER = DOSTONBEK.CardWorkoutGame;
				PRODUCT_NAME = "$(TARGET_NAME)";
				SWIFT_EMIT_LOC_STRINGS = YES;
				SWIFT_VERSION = 5.0;
				TARGETED_DEVICE_FAMILY = "1,2";
			};
			name = Debug;
		};
		3BFBA51729BA4265006CD746 /* Release */ = {
			isa = XCBuildConfiguration;
			buildSettings = {
				ASSETCATALOG_COMPILER_APPICON_NAME = AppIcon;
				ASSETCATALOG_COMPILER_GLOBAL_ACCENT_COLOR_NAME = AccentColor;
				CODE_SIGN_STYLE = Automatic;
				CURRENT_PROJECT_VERSION = 1;
				GENERATE_INFOPLIST_FILE = YES;
				INFOPLIST_FILE = CardWorkoutGame/Info.plist;
				INFOPLIST_KEY_UIApplicationSupportsIndirectInputEvents = YES;
				INFOPLIST_KEY_UILaunchStoryboardName = LaunchScreen;
				INFOPLIST_KEY_UISupportedInterfaceOrientations = "UIInterfaceOrientationLandscapeLeft UIInterfaceOrientationLandscapeRight UIInterfaceOrientationPortrait";
				INFOPLIST_KEY_UISupportedInterfaceOrientations_iPad = "UIInterfaceOrientationLandscapeLeft UIInterfaceOrientationLandscapeRight UIInterfaceOrientationPortrait UIInterfaceOrientationPortraitUpsideDown";
				LD_RUNPATH_SEARCH_PATHS = (
					"$(inherited)",
					"@executable_path/Frameworks",
				);
				MARKETING_VERSION = 1.0;
				PRODUCT_BUNDLE_IDENTIFIER = DOSTONBEK.CardWorkoutGame;
				PRODUCT_NAME = "$(TARGET_NAME)";
				SWIFT_EMIT_LOC_STRINGS = YES;
				SWIFT_VERSION = 5.0;
				TARGETED_DEVICE_FAMILY = "1,2";
			};
			name = Release;
		};
/* End XCBuildConfiguration section */

/* Begin XCConfigurationList section */
		3BFBA4FC29BA4264006CD746 /* Build configuration list for PBXProject "CardWorkoutGame" */ = {
			isa = XCConfigurationList;
			buildConfigurations = (
				3BFBA51329BA4265006CD746 /* Debug */,
				3BFBA51429BA4265006CD746 /* Release */,
			);
			defaultConfigurationIsVisible = 0;
			defaultConfigurationName = Release;
		};
		3BFBA51529BA4265006CD746 /* Build configuration list for PBXNativeTarget "CardWorkoutGame" */ = {
			isa = XCConfigurationList;
			buildConfigurations = (
				3BFBA51629BA4265006CD746 /* Debug */,
				3BFBA51729BA4265006CD746 /* Release */,
			);
			defaultConfigurationIsVisible = 0;
			defaultConfigurationName = Release;
		};
/* End XCConfigurationList section */
	};
	rootObject = 3BFBA4F929BA4264006CD746 /* Project object */;
}
